{
  "name": "linkedin-scraper",
  "version": "1.0.0",
  "lockfileVersion": 3,
  "requires": true,
  "packages": {
    "": {
      "name": "linkedin-scraper",
      "version": "1.0.0",
      "license": "MIT",
      "dependencies": {
        "tabulator-tables": "^6.3.1"
      },
      "devDependencies": {}
    },
    "node_modules/tabulator-tables": {
      "version": "6.3.1",
      "resolved": "https://registry.npmjs.org/tabulator-tables/-/tabulator-tables-6.3.1.tgz",
      "integrity": "sha512-qFW7kfadtcaISQIibKAIy0f3eeIXUVi8242Vly1iJfMD79kfEGzfczNuPBN/80hDxHzQJXYbmJ8VipI40hQtfA==",
      "license": "MIT"
    }
  }
}
